
Microsoft Visual Studio Solution File, Format Version 12.00
# Visual Studio Version 16
VisualStudioVersion = 16.0.29806.167
MinimumVisualStudioVersion = 10.0.40219.1
Project("{FAE04EC0-301F-11D3-BF4B-00C04F79EFBC}") = "LuhnCheck", "LuhnCheck\LuhnCheck.csproj", "{BB8C0C5D-E386-4E0D-838C-E13C7D1B72F7}"
EndProject
Project("{FAE04EC0-301F-11D3-BF4B-00C04F79EFBC}") = "LuhnLibrary", "LuhnLibrary\LuhnLibrary.csproj", "{28ABDE37-C90C-4876-9BE3-CE65CDD2D350}"
EndProject
Project("{FAE04EC0-301F-11D3-BF4B-00C04F79EFBC}") = "LuhnValidationUnitTests", "LuhnValidationUnitTests\LuhnValidationUnitTests.csproj", "{D24F0BFB-AB56-4FB2-B4B4-DA1B593778FE}"
EndProject
Global
	GlobalSection(SolutionConfigurationPlatforms) = preSolution
		Debug|Any CPU = Debug|Any CPU
		Release|Any CPU = Release|Any CPU
	EndGlobalSection
	GlobalSection(ProjectConfigurationPlatforms) = postSolution
		{BB8C0C5D-E386-4E0D-838C-E13C7D1B72F7}.Debug|Any CPU.ActiveCfg = Debug|Any CPU
		{BB8C0C5D-E386-4E0D-838C-E13C7D1B72F7}.Debug|Any CPU.Build.0 = Debug|Any CPU
		{BB8C0C5D-E386-4E0D-838C-E13C7D1B72F7}.Release|Any CPU.ActiveCfg = Release|Any CPU
		{BB8C0C5D-E386-4E0D-838C-E13C7D1B72F7}.Release|Any CPU.Build.0 = Release|Any CPU
		{28ABDE37-C90C-4876-9BE3-CE65CDD2D350}.Debug|Any CPU.ActiveCfg = Debug|Any CPU
		{28ABDE37-C90C-4876-9BE3-CE65CDD2D350}.Debug|Any CPU.Build.0 = Debug|Any CPU
		{28ABDE37-C90C-4876-9BE3-CE65CDD2D350}.Release|Any CPU.ActiveCfg = Release|Any CPU
		{28ABDE37-C90C-4876-9BE3-CE65CDD2D350}.Release|Any CPU.Build.0 = Release|Any CPU
		{D24F0BFB-AB56-4FB2-B4B4-DA1B593778FE}.Debug|Any CPU.ActiveCfg = Debug|Any CPU
		{D24F0BFB-AB56-4FB2-B4B4-DA1B593778FE}.Debug|Any CPU.Build.0 = Debug|Any CPU
		{D24F0BFB-AB56-4FB2-B4B4-DA1B593778FE}.Release|Any CPU.ActiveCfg = Release|Any CPU
		{D24F0BFB-AB56-4FB2-B4B4-DA1B593778FE}.Release|Any CPU.Build.0 = Release|Any CPU
	EndGlobalSection
	GlobalSection(SolutionProperties) = preSolution
		HideSolutionNode = FALSE
	EndGlobalSection
	GlobalSection(ExtensibilityGlobals) = postSolution
		SolutionGuid = {8B938F2F-E04A-4BED-B8E0-F69800D78963}
	EndGlobalSection
EndGlobal
